
Microsoft Visual Studio Solution File, Format Version 12.00
# Visual Studio 15
VisualStudioVersion = 15.0.28307.136
MinimumVisualStudioVersion = 10.0.40219.1
Project("{FAE04EC0-301F-11D3-BF4B-00C04F79EFBC}") = "DarkGodServer", "DarkGodServer\DarkGodServer.csproj", "{1C1854E2-5749-4FD6-9848-FF0A06F20405}"
EndProject
Project("{FAE04EC0-301F-11D3-BF4B-00C04F79EFBC}") = "Protocol", "Protocol\Protocol.csproj", "{1B91F0F8-D96F-49A8-B384-DCF1D0388597}"
EndProject
Global
	GlobalSection(SolutionConfigurationPlatforms) = preSolution
		Debug|Any CPU = Debug|Any CPU
		Release|Any CPU = Release|Any CPU
	EndGlobalSection
	GlobalSection(ProjectConfigurationPlatforms) = postSolution
		{1C1854E2-5749-4FD6-9848-FF0A06F20405}.Debug|Any CPU.ActiveCfg = Debug|Any CPU
		{1C1854E2-5749-4FD6-9848-FF0A06F20405}.Debug|Any CPU.Build.0 = Debug|Any CPU
		{1C1854E2-5749-4FD6-9848-FF0A06F20405}.Release|Any CPU.ActiveCfg = Release|Any CPU
		{1C1854E2-5749-4FD6-9848-FF0A06F20405}.Release|Any CPU.Build.0 = Release|Any CPU
		{1B91F0F8-D96F-49A8-B384-DCF1D0388597}.Debug|Any CPU.ActiveCfg = Debug|Any CPU
		{1B91F0F8-D96F-49A8-B384-DCF1D0388597}.Debug|Any CPU.Build.0 = Debug|Any CPU
		{1B91F0F8-D96F-49A8-B384-DCF1D0388597}.Release|Any CPU.ActiveCfg = Release|Any CPU
		{1B91F0F8-D96F-49A8-B384-DCF1D0388597}.Release|Any CPU.Build.0 = Release|Any CPU
	EndGlobalSection
	GlobalSection(SolutionProperties) = preSolution
		HideSolutionNode = FALSE
	EndGlobalSection
	GlobalSection(ExtensibilityGlobals) = postSolution
		SolutionGuid = {009A0B2C-4315-4CCB-87D7-6D342FD889CC}
	EndGlobalSection
EndGlobal
